# THIS IS AN AUTOGENERATED FILE. DO NOT EDIT THIS FILE DIRECTLY.
# yarn lockfile v1


"@types/bson@*":
  version "1.0.11"
  resolved "https://registry.yarnpkg.com/@types/bson/-/bson-1.0.11.tgz#c95ad69bb0b3f5c33b4bb6cc86d86cafb273335c"
  integrity sha512-j+UcCWI+FsbI5/FQP/Kj2CXyplWAz39ktHFkXk84h7dNblKRSoNJs95PZFRd96NQGqsPEPgeclqnznWZr14ZDA==
  dependencies:
    "@types/node" "*"

"@types/events@*":
  version "3.0.0"
  resolved "https://registry.yarnpkg.com/@types/events/-/events-3.0.0.tgz#2862f3f58a9a7f7c3e78d79f130dd4d71c25c2a7"
  integrity sha512-EaObqwIvayI5a8dCzhFrjKzVwKLxjoG9T6Ppd5CEo07LRKfQ8Yokw54r5+Wq7FaBQ+yXRvQAYPrHwya1/UFt9g==

"@types/mongodb@^2.2.15":
  version "2.2.23"
  resolved "https://registry.yarnpkg.com/@types/mongodb/-/mongodb-2.2.23.tgz#2a50071a1ef2f93c87e71cbf1a07a46df094c958"
  integrity sha512-zK2txG9cGIxHZLRKq59mmb4uYbfl/b+G3RcSuW7HHEvUj/O0gsRLgprQu6n/Gn5Mh+PbnAIgrgh4Zhj+OjsRBQ==
  dependencies:
    "@types/bson" "*"
    "@types/events" "*"
    "@types/node" "*"

"@types/node@*":
  version "10.12.18"
  resolved "https://registry.yarnpkg.com/@types/node/-/node-10.12.18.tgz#1d3ca764718915584fcd9f6344621b7672665c67"
  integrity sha512-fh+pAqt4xRzPfqA6eh3Z2y6fyZavRIumvjhaCL753+TVkGKGhpPeyrJG2JftD0T9q4GF00KjefsQ+PQNDdWQaQ==

arg@^4.1.0:
  version "4.1.0"
  resolved "https://registry.yarnpkg.com/arg/-/arg-4.1.0.tgz#583c518199419e0037abb74062c37f8519e575f0"
  integrity sha512-ZWc51jO3qegGkVh8Hwpv636EkbesNV5ZNQPCtRa+0qytRYPEs9IYT9qITY9buezqUH5uqyzlWLcufrzU2rffdg==

arrify@^1.0.0:
  version "1.0.1"
  resolved "https://registry.yarnpkg.com/arrify/-/arrify-1.0.1.tgz#898508da2226f380df904728456849c1501a4b0d"
  integrity sha1-iYUI2iIm84DfkEcoRWhJwVAaSw0=

bson@~1.0.4:
  version "1.0.9"
  resolved "https://registry.yarnpkg.com/bson/-/bson-1.0.9.tgz#12319f8323b1254739b7c6bef8d3e89ae05a2f57"
  integrity sha512-IQX9/h7WdMBIW/q/++tGd+emQr0XMdeZ6icnT/74Xk9fnabWn+gZgpE+9V+gujL3hhJOoNrnDVY7tWdzc7NUTg==

buffer-from@^1.0.0:
  version "1.1.1"
  resolved "https://registry.yarnpkg.com/buffer-from/-/buffer-from-1.1.1.tgz#32713bc028f75c02fdb710d7c7bcec1f2c6070ef"
  integrity sha512-MQcXEUbCKtEo7bhqEs6560Hyd4XaovZlO/k9V3hjVUF/zwW7KBVdSK4gIt/bzwS9MbR5qob+F5jusZsb0YQK2A==

buffer-shims@~1.0.0:
  version "1.0.0"
  resolved "https://registry.yarnpkg.com/buffer-shims/-/buffer-shims-1.0.0.tgz#9978ce317388c649ad8793028c3477ef044a8b51"
  integrity sha1-mXjOMXOIxkmth5MCjDR37wRKi1E=

core-util-is@~1.0.0:
  version "1.0.2"
  resolved "https://registry.yarnpkg.com/core-util-is/-/core-util-is-1.0.2.tgz#b5fd54220aa2bc5ab57aab7140c940754503c1a7"
  integrity sha1-tf1UIgqivFq1eqtxQMlAdUUDwac=

diff@^3.1.0:
  version "3.5.0"
  resolved "https://registry.yarnpkg.com/diff/-/diff-3.5.0.tgz#800c0dd1e0a8bfbc95835c202ad220fe317e5a12"
  integrity sha512-A46qtFgd+g7pDZinpnwiRJtxbC1hpgf0uzP3iG89scHk0AUC7A1TGxf5OiiOUv/JMZR8GOt8hL900hV0bOy5xA==

es6-promise@3.2.1:
  version "3.2.1"
  resolved "https://registry.yarnpkg.com/es6-promise/-/es6-promise-3.2.1.tgz#ec56233868032909207170c39448e24449dd1fc4"
  integrity sha1-7FYjOGgDKQkgcXDDlEjiREndH8Q=

inherits@~2.0.1:
  version "2.0.3"
  resolved "https://registry.yarnpkg.com/inherits/-/inherits-2.0.3.tgz#633c2c83e3da42a502f52466022480f4208261de"
  integrity sha1-Yzwsg+PaQqUC9SRmAiSA9CCCYd4=

isarray@~1.0.0:
  version "1.0.0"
  resolved "https://registry.yarnpkg.com/isarray/-/isarray-1.0.0.tgz#bb935d48582cba168c06834957a54a3e07124f11"
  integrity sha1-u5NdSFgsuhaMBoNJV6VKPgcSTxE=

make-error@^1.1.1:
  version "1.3.5"
  resolved "https://registry.yarnpkg.com/make-error/-/make-error-1.3.5.tgz#efe4e81f6db28cadd605c70f29c831b58ef776c8"
  integrity sha512-c3sIjNUow0+8swNwVpqoH4YCShKNFkMaw6oH1mNS2haDZQqkeZFlHS3dhoeEbKKmJB4vXpJucU6oH75aDYeE9g==

mongodb-core@2.1.20:
  version "2.1.20"
  resolved "https://registry.yarnpkg.com/mongodb-core/-/mongodb-core-2.1.20.tgz#fece8dd76b59ee7d7f2d313b65322c160492d8f1"
  integrity sha512-IN57CX5/Q1bhDq6ShAR6gIv4koFsZP7L8WOK1S0lR0pVDQaScffSMV5jxubLsmZ7J+UdqmykKw4r9hG3XQEGgQ==
  dependencies:
    bson "~1.0.4"
    require_optional "~1.0.0"

mongodb@^2.2.33:
  version "2.2.36"
  resolved "https://registry.yarnpkg.com/mongodb/-/mongodb-2.2.36.tgz#1c573680b2849fb0f47acbba3dc5fa228de975f5"
  integrity sha512-P2SBLQ8Z0PVx71ngoXwo12+FiSfbNfGOClAao03/bant5DgLNkOPAck5IaJcEk4gKlQhDEURzfR3xuBG1/B+IA==
  dependencies:
    es6-promise "3.2.1"
    mongodb-core "2.1.20"
    readable-stream "2.2.7"

process-nextick-args@~1.0.6:
  version "1.0.7"
  resolved "https://registry.yarnpkg.com/process-nextick-args/-/process-nextick-args-1.0.7.tgz#150e20b756590ad3f91093f25a4f2ad8bff30ba3"
  integrity sha1-FQ4gt1ZZCtP5EJPyWk8q2L/zC6M=

readable-stream@2.2.7:
  version "2.2.7"
  resolved "https://registry.yarnpkg.com/readable-stream/-/readable-stream-2.2.7.tgz#07057acbe2467b22042d36f98c5ad507054e95b1"
  integrity sha1-BwV6y+JGeyIELTb5jFrVBwVOlbE=
  dependencies:
    buffer-shims "~1.0.0"
    core-util-is "~1.0.0"
    inherits "~2.0.1"
    isarray "~1.0.0"
    process-nextick-args "~1.0.6"
    string_decoder "~1.0.0"
    util-deprecate "~1.0.1"

require_optional@~1.0.0:
  version "1.0.1"
  resolved "https://registry.yarnpkg.com/require_optional/-/require_optional-1.0.1.tgz#4cf35a4247f64ca3df8c2ef208cc494b1ca8fc2e"
  integrity sha512-qhM/y57enGWHAe3v/NcwML6a3/vfESLe/sGM2dII+gEO0BpKRUkWZow/tyloNqJyN6kXSl3RyyM8Ll5D/sJP8g==
  dependencies:
    resolve-from "^2.0.0"
    semver "^5.1.0"

resolve-from@^2.0.0:
  version "2.0.0"
  resolved "https://registry.yarnpkg.com/resolve-from/-/resolve-from-2.0.0.tgz#9480ab20e94ffa1d9e80a804c7ea147611966b57"
  integrity sha1-lICrIOlP+h2egKgEx+oUdhGWa1c=

safe-buffer@~5.1.0:
  version "5.1.2"
  resolved "https://registry.yarnpkg.com/safe-buffer/-/safe-buffer-5.1.2.tgz#991ec69d296e0313747d59bdfd2b745c35f8828d"
  integrity sha512-Gd2UZBJDkXlY7GbJxfsE8/nvKkUEU1G38c1siN6QP6a9PT9MmHB8GnpscSmMJSoF8LOIrt8ud/wPtojys4G6+g==

semver@^5.1.0:
  version "5.6.0"
  resolved "https://registry.yarnpkg.com/semver/-/semver-5.6.0.tgz#7e74256fbaa49c75aa7c7a205cc22799cac80004"
  integrity sha512-RS9R6R35NYgQn++fkDWaOmqGoj4Ek9gGs+DPxNUZKuwE183xjJroKvyo1IzVFeXvUrvmALy6FWD5xrdJT25gMg==

source-map-support@^0.5.6:
  version "0.5.10"
  resolved "https://registry.yarnpkg.com/source-map-support/-/source-map-support-0.5.10.tgz#2214080bc9d51832511ee2bab96e3c2f9353120c"
  integrity sha512-YfQ3tQFTK/yzlGJuX8pTwa4tifQj4QS2Mj7UegOu8jAz59MqIiMGPXxQhVQiIMNzayuUSF/jEuVnfFF5JqybmQ==
  dependencies:
    buffer-from "^1.0.0"
    source-map "^0.6.0"

source-map@^0.6.0:
  version "0.6.1"
  resolved "https://registry.yarnpkg.com/source-map/-/source-map-0.6.1.tgz#74722af32e9614e9c287a8d0bbde48b5e2f1a263"
  integrity sha512-UjgapumWlbMhkBgzT7Ykc5YXUT46F0iKu8SGXq0bcwP5dz/h0Plj6enJqjz1Zbq2l5WaqYnrVbwWOWMyF3F47g==

string_decoder@~1.0.0:
  version "1.0.3"
  resolved "https://registry.yarnpkg.com/string_decoder/-/string_decoder-1.0.3.tgz#0fc67d7c141825de94282dd536bec6b9bce860ab"
  integrity sha512-4AH6Z5fzNNBcH+6XDMfA/BTt87skxqJlO0lAh3Dker5zThcAxG6mKz+iGu308UKoPPQ8Dcqx/4JhujzltRa+hQ==
  dependencies:
    safe-buffer "~5.1.0"

ts-node@^8.0.1:
  version "8.0.1"
  resolved "https://registry.yarnpkg.com/ts-node/-/ts-node-8.0.1.tgz#cad98e8d50f0474f0d763ca8dc4c1bf8b7554ae2"
  integrity sha512-zER3Js6Iotp31ghen6nKjgX75UOipwTWX9T5fAVmHaaYAizWhOes4uAsLmDC8H51UG5tHL8gNjoa/wLFjo7wtA==
  dependencies:
    arg "^4.1.0"
    arrify "^1.0.0"
    diff "^3.1.0"
    make-error "^1.1.1"
    source-map-support "^0.5.6"
    yn "^2.0.0"

typescript@^3.2.4:
  version "3.2.4"
  resolved "https://registry.yarnpkg.com/typescript/-/typescript-3.2.4.tgz#c585cb952912263d915b462726ce244ba510ef3d"
  integrity sha512-0RNDbSdEokBeEAkgNbxJ+BLwSManFy9TeXz8uW+48j/xhEXv1ePME60olyzw2XzUqUBNAYFeJadIqAgNqIACwg==

util-deprecate@~1.0.1:
  version "1.0.2"
  resolved "https://registry.yarnpkg.com/util-deprecate/-/util-deprecate-1.0.2.tgz#450d4dc9fa70de732762fbd2d4a28981419a0ccf"
  integrity sha1-RQ1Nyfpw3nMnYvvS1KKJgUGaDM8=

yn@^2.0.0:
  version "2.0.0"
  resolved "https://registry.yarnpkg.com/yn/-/yn-2.0.0.tgz#e5adabc8acf408f6385fc76495684c88e6af689a"
  integrity sha1-5a2ryKz0CPY4X8dklWhMiOavaJo=
